
Microsoft Visual Studio Solution File, Format Version 12.00
# Visual Studio 15
VisualStudioVersion = 15.0.28307.329
MinimumVisualStudioVersion = 10.0.40219.1
Project("{FAE04EC0-301F-11D3-BF4B-00C04F79EFBC}") = "FirstCSharpWinFormApp", "FirstCSharpWinFormApp\FirstCSharpWinFormApp.csproj", "{D989AD91-5EA7-4E44-A770-1D0F1C06D5DB}"
EndProject
Global
	GlobalSection(SolutionConfigurationPlatforms) = preSolution
		Debug|Any CPU = Debug|Any CPU
		Release|Any CPU = Release|Any CPU
	EndGlobalSection
	GlobalSection(ProjectConfigurationPlatforms) = postSolution
		{D989AD91-5EA7-4E44-A770-1D0F1C06D5DB}.Debug|Any CPU.ActiveCfg = Debug|Any CPU
		{D989AD91-5EA7-4E44-A770-1D0F1C06D5DB}.Debug|Any CPU.Build.0 = Debug|Any CPU
		{D989AD91-5EA7-4E44-A770-1D0F1C06D5DB}.Release|Any CPU.ActiveCfg = Release|Any CPU
		{D989AD91-5EA7-4E44-A770-1D0F1C06D5DB}.Release|Any CPU.Build.0 = Release|Any CPU
	EndGlobalSection
	GlobalSection(SolutionProperties) = preSolution
		HideSolutionNode = FALSE
	EndGlobalSection
	GlobalSection(ExtensibilityGlobals) = postSolution
		SolutionGuid = {8DA9B2C2-AF24-4E56-89E4-0CB884B6E063}
	EndGlobalSection
EndGlobal
