
Microsoft Visual Studio Solution File, Format Version 12.00
# Visual Studio 15
VisualStudioVersion = 15.0.28307.329
MinimumVisualStudioVersion = 10.0.40219.1
Project("{FAE04EC0-301F-11D3-BF4B-00C04F79EFBC}") = "AsciiAndHexadecimalConverter", "AsciiAndHexadecimalConverter\AsciiAndHexadecimalConverter.csproj", "{0BF9B086-0B9D-4E06-9A5B-CA60FDBB761D}"
EndProject
Global
	GlobalSection(SolutionConfigurationPlatforms) = preSolution
		Debug|Any CPU = Debug|Any CPU
		Release|Any CPU = Release|Any CPU
	EndGlobalSection
	GlobalSection(ProjectConfigurationPlatforms) = postSolution
		{0BF9B086-0B9D-4E06-9A5B-CA60FDBB761D}.Debug|Any CPU.ActiveCfg = Debug|Any CPU
		{0BF9B086-0B9D-4E06-9A5B-CA60FDBB761D}.Debug|Any CPU.Build.0 = Debug|Any CPU
		{0BF9B086-0B9D-4E06-9A5B-CA60FDBB761D}.Release|Any CPU.ActiveCfg = Release|Any CPU
		{0BF9B086-0B9D-4E06-9A5B-CA60FDBB761D}.Release|Any CPU.Build.0 = Release|Any CPU
	EndGlobalSection
	GlobalSection(SolutionProperties) = preSolution
		HideSolutionNode = FALSE
	EndGlobalSection
	GlobalSection(ExtensibilityGlobals) = postSolution
		SolutionGuid = {8BF7B21E-0BE5-45DD-8E57-48B53D371BCE}
	EndGlobalSection
EndGlobal
